
Microsoft Visual Studio Solution File, Format Version 12.00
# Visual Studio Version 17
VisualStudioVersion = 17.2.32802.462
MinimumVisualStudioVersion = 10.0.40219.1
Project("{FAE04EC0-301F-11D3-BF4B-00C04F79EFBC}") = "SAutoDataScrap", "SAutoDataScrap.csproj", "{454542EA-455D-44BA-89F0-A962FE143707}"
EndProject
Global
	GlobalSection(SolutionConfigurationPlatforms) = preSolution
		Debug|Any CPU = Debug|Any CPU
		Release|Any CPU = Release|Any CPU
	EndGlobalSection
	GlobalSection(ProjectConfigurationPlatforms) = postSolution
		{454542EA-455D-44BA-89F0-A962FE143707}.Debug|Any CPU.ActiveCfg = Debug|Any CPU
		{454542EA-455D-44BA-89F0-A962FE143707}.Debug|Any CPU.Build.0 = Debug|Any CPU
		{454542EA-455D-44BA-89F0-A962FE143707}.Release|Any CPU.ActiveCfg = Release|Any CPU
		{454542EA-455D-44BA-89F0-A962FE143707}.Release|Any CPU.Build.0 = Release|Any CPU
	EndGlobalSection
	GlobalSection(SolutionProperties) = preSolution
		HideSolutionNode = FALSE
	EndGlobalSection
	GlobalSection(ExtensibilityGlobals) = postSolution
		SolutionGuid = {FCCC3049-6AFD-4CE6-96AC-70EA3226E9B2}
	EndGlobalSection
EndGlobal
