
Microsoft Visual Studio Solution File, Format Version 12.00
# Visual Studio Version 17
VisualStudioVersion = 17.6.33815.320
MinimumVisualStudioVersion = 10.0.40219.1
Project("{FAE04EC0-301F-11D3-BF4B-00C04F79EFBC}") = "CRUD-DB", "CRUD-DB\CRUD-DB.csproj", "{82B37C56-25FC-449E-A253-BB112A46D90B}"
EndProject
Global
	GlobalSection(SolutionConfigurationPlatforms) = preSolution
		Debug|Any CPU = Debug|Any CPU
		Release|Any CPU = Release|Any CPU
	EndGlobalSection
	GlobalSection(ProjectConfigurationPlatforms) = postSolution
		{82B37C56-25FC-449E-A253-BB112A46D90B}.Debug|Any CPU.ActiveCfg = Debug|Any CPU
		{82B37C56-25FC-449E-A253-BB112A46D90B}.Debug|Any CPU.Build.0 = Debug|Any CPU
		{82B37C56-25FC-449E-A253-BB112A46D90B}.Release|Any CPU.ActiveCfg = Release|Any CPU
		{82B37C56-25FC-449E-A253-BB112A46D90B}.Release|Any CPU.Build.0 = Release|Any CPU
	EndGlobalSection
	GlobalSection(SolutionProperties) = preSolution
		HideSolutionNode = FALSE
	EndGlobalSection
	GlobalSection(ExtensibilityGlobals) = postSolution
		SolutionGuid = {45A798F4-E499-4C79-96C0-74C83D3D2D48}
	EndGlobalSection
EndGlobal
